
Microsoft Visual Studio Solution File, Format Version 12.00
# Visual Studio Version 16
VisualStudioVersion = 16.0.30114.105
MinimumVisualStudioVersion = 10.0.40219.1
Project("{FAE04EC0-301F-11D3-BF4B-00C04F79EFBC}") = "sample", "sample.csproj", "{5450637B-725B-4472-8E51-10386FDA9443}"
EndProject
Global
	GlobalSection(SolutionConfigurationPlatforms) = preSolution
		Debug|Any CPU = Debug|Any CPU
		Release|Any CPU = Release|Any CPU
	EndGlobalSection
	GlobalSection(SolutionProperties) = preSolution
		HideSolutionNode = FALSE
	EndGlobalSection
	GlobalSection(ProjectConfigurationPlatforms) = postSolution
		{5450637B-725B-4472-8E51-10386FDA9443}.Debug|Any CPU.ActiveCfg = Debug|Any CPU
		{5450637B-725B-4472-8E51-10386FDA9443}.Debug|Any CPU.Build.0 = Debug|Any CPU
		{5450637B-725B-4472-8E51-10386FDA9443}.Release|Any CPU.ActiveCfg = Release|Any CPU
		{5450637B-725B-4472-8E51-10386FDA9443}.Release|Any CPU.Build.0 = Release|Any CPU
	EndGlobalSection
EndGlobal
